
Microsoft Visual Studio Solution File, Format Version 12.00
# Visual Studio 15
VisualStudioVersion = 15.0.26730.12
MinimumVisualStudioVersion = 10.0.40219.1
Project("{FAE04EC0-301F-11D3-BF4B-00C04F79EFBC}") = "Chapter1ConsoleApp", "Chapter1ConsoleApp\Chapter1ConsoleApp.csproj", "{E47E587A-9B26-4C05-8B96-2D1B5B981D94}"
EndProject
Global
	GlobalSection(SolutionConfigurationPlatforms) = preSolution
		Debug|Any CPU = Debug|Any CPU
		Release|Any CPU = Release|Any CPU
	EndGlobalSection
	GlobalSection(ProjectConfigurationPlatforms) = postSolution
		{E47E587A-9B26-4C05-8B96-2D1B5B981D94}.Debug|Any CPU.ActiveCfg = Debug|Any CPU
		{E47E587A-9B26-4C05-8B96-2D1B5B981D94}.Debug|Any CPU.Build.0 = Debug|Any CPU
		{E47E587A-9B26-4C05-8B96-2D1B5B981D94}.Release|Any CPU.ActiveCfg = Release|Any CPU
		{E47E587A-9B26-4C05-8B96-2D1B5B981D94}.Release|Any CPU.Build.0 = Release|Any CPU
	EndGlobalSection
	GlobalSection(SolutionProperties) = preSolution
		HideSolutionNode = FALSE
	EndGlobalSection
	GlobalSection(ExtensibilityGlobals) = postSolution
		SolutionGuid = {181ABAFA-0717-4786-A6F9-CB8D2FB17FBB}
	EndGlobalSection
EndGlobal
