
Microsoft Visual Studio Solution File, Format Version 12.00
# Visual Studio 15
VisualStudioVersion = 15.0.27130.2027
MinimumVisualStudioVersion = 10.0.40219.1
Project("{9A19103F-16F7-4668-BE54-9A1E7A4F7556}") = "SampleWebApp", "SampleWebApp\SampleWebApp.csproj", "{9DAFFB26-5372-41DD-9AC0-7BD039EE917D}"
EndProject
Global
	GlobalSection(SolutionConfigurationPlatforms) = preSolution
		Debug|Any CPU = Debug|Any CPU
		Release|Any CPU = Release|Any CPU
	EndGlobalSection
	GlobalSection(ProjectConfigurationPlatforms) = postSolution
		{9DAFFB26-5372-41DD-9AC0-7BD039EE917D}.Debug|Any CPU.ActiveCfg = Debug|Any CPU
		{9DAFFB26-5372-41DD-9AC0-7BD039EE917D}.Debug|Any CPU.Build.0 = Debug|Any CPU
		{9DAFFB26-5372-41DD-9AC0-7BD039EE917D}.Release|Any CPU.ActiveCfg = Release|Any CPU
		{9DAFFB26-5372-41DD-9AC0-7BD039EE917D}.Release|Any CPU.Build.0 = Release|Any CPU
	EndGlobalSection
	GlobalSection(SolutionProperties) = preSolution
		HideSolutionNode = FALSE
	EndGlobalSection
	GlobalSection(ExtensibilityGlobals) = postSolution
		SolutionGuid = {91B481B9-14CE-4368-B2C0-E27213D57620}
	EndGlobalSection
EndGlobal
